// !$*UTF8*$!
{
	archiveVersion = 1;
	classes = {
	};
	objectVersion = 56;
	objects = {

/* Begin PBXBuildFile section */
		CA05F7932AE17BC4000EE117 /* CreateTaskViewController.swift in Sources */ = {isa = PBXBuildFile; fileRef = CA05F7922AE17BC4000EE117 /* CreateTaskViewController.swift */; };
		CA69EF442AD99CB200DCA4AE /* AppDelegate.swift in Sources */ = {isa = PBXBuildFile; fileRef = CA69EF432AD99CB200DCA4AE /* AppDelegate.swift */; };
		CA69EF462AD99CB200DCA4AE /* SceneDelegate.swift in Sources */ = {isa = PBXBuildFile; fileRef = CA69EF452AD99CB200DCA4AE /* SceneDelegate.swift */; };
		CA69EF482AD99CB200DCA4AE /* ToDoViewController.swift in Sources */ = {isa = PBXBuildFile; fileRef = CA69EF472AD99CB200DCA4AE /* ToDoViewController.swift */; };
		CA69EF4D2AD99CB400DCA4AE /* Assets.xcassets in Resources */ = {isa = PBXBuildFile; fileRef = CA69EF4C2AD99CB400DCA4AE /* Assets.xcassets */; };
		CA69EF502AD99CB400DCA4AE /* LaunchScreen.storyboard in Resources */ = {isa = PBXBuildFile; fileRef = CA69EF4E2AD99CB400DCA4AE /* LaunchScreen.storyboard */; };
		CA69EF5B2AD99CB400DCA4AE /* ToDoListTests.swift in Sources */ = {isa = PBXBuildFile; fileRef = CA69EF5A2AD99CB400DCA4AE /* ToDoListTests.swift */; };
		CA69EF652AD99CB400DCA4AE /* ToDoListUITests.swift in Sources */ = {isa = PBXBuildFile; fileRef = CA69EF642AD99CB400DCA4AE /* ToDoListUITests.swift */; };
		CA69EF672AD99CB400DCA4AE /* ToDoListUITestsLaunchTests.swift in Sources */ = {isa = PBXBuildFile; fileRef = CA69EF662AD99CB400DCA4AE /* ToDoListUITestsLaunchTests.swift */; };
		CA69EF7B2ADD7C1500DCA4AE /* a_BosaNova.ttf in Resources */ = {isa = PBXBuildFile; fileRef = CA69EF7A2ADD7C1500DCA4AE /* a_BosaNova.ttf */; };
		CAE672A52AE00C9800419DDA /* ToDoTableViewCell.swift in Sources */ = {isa = PBXBuildFile; fileRef = CAE672A42AE00C9800419DDA /* ToDoTableViewCell.swift */; };
/* End PBXBuildFile section */

/* Begin PBXContainerItemProxy section */
		CA69EF572AD99CB400DCA4AE /* PBXContainerItemProxy */ = {
			isa = PBXContainerItemProxy;
			containerPortal = CA69EF382AD99CB200DCA4AE /* Project object */;
			proxyType = 1;
			remoteGlobalIDString = CA69EF3F2AD99CB200DCA4AE;
			remoteInfo = ToDoList;
		};
		CA69EF612AD99CB400DCA4AE /* PBXContainerItemProxy */ = {
			isa = PBXContainerItemProxy;
			containerPortal = CA69EF382AD99CB200DCA4AE /* Project object */;
			proxyType = 1;
			remoteGlobalIDString = CA69EF3F2AD99CB200DCA4AE;
			remoteInfo = ToDoList;
		};
/* End PBXContainerItemProxy section */

/* Begin PBXFileReference section */
		CA05F7922AE17BC4000EE117 /* CreateTaskViewController.swift */ = {isa = PBXFileReference; lastKnownFileType = sourcecode.swift; path = CreateTaskViewController.swift; sourceTree = "<group>"; };
		CA69EF402AD99CB200DCA4AE /* ToDoList.app */ = {isa = PBXFileReference; explicitFileType = wrapper.application; includeInIndex = 0; path = ToDoList.app; sourceTree = BUILT_PRODUCTS_DIR; };
		CA69EF432AD99CB200DCA4AE /* AppDelegate.swift */ = {isa = PBXFileReference; lastKnownFileType = sourcecode.swift; path = AppDelegate.swift; sourceTree = "<group>"; };
		CA69EF452AD99CB200DCA4AE /* SceneDelegate.swift */ = {isa = PBXFileReference; lastKnownFileType = sourcecode.swift; path = SceneDelegate.swift; sourceTree = "<group>"; };
		CA69EF472AD99CB200DCA4AE /* ToDoViewController.swift */ = {isa = PBXFileReference; lastKnownFileType = sourcecode.swift; path = ToDoViewController.swift; sourceTree = "<group>"; };
		CA69EF4C2AD99CB400DCA4AE /* Assets.xcassets */ = {isa = PBXFileReference; lastKnownFileType = folder.assetcatalog; path = Assets.xcassets; sourceTree = "<group>"; };
		CA69EF4F2AD99CB400DCA4AE /* Base */ = {isa = PBXFileReference; lastKnownFileType = file.storyboard; name = Base; path = Base.lproj/LaunchScreen.storyboard; sourceTree = "<group>"; };
		CA69EF512AD99CB400DCA4AE /* Info.plist */ = {isa = PBXFileReference; lastKnownFileType = text.plist.xml; path = Info.plist; sourceTree = "<group>"; };
		CA69EF562AD99CB400DCA4AE /* ToDoListTests.xctest */ = {isa = PBXFileReference; explicitFileType = wrapper.cfbundle; includeInIndex = 0; path = ToDoListTests.xctest; sourceTree = BUILT_PRODUCTS_DIR; };
		CA69EF5A2AD99CB400DCA4AE /* ToDoListTests.swift */ = {isa = PBXFileReference; lastKnownFileType = sourcecode.swift; path = ToDoListTests.swift; sourceTree = "<group>"; };
		CA69EF602AD99CB400DCA4AE /* ToDoListUITests.xctest */ = {isa = PBXFileReference; explicitFileType = wrapper.cfbundle; includeInIndex = 0; path = ToDoListUITests.xctest; sourceTree = BUILT_PRODUCTS_DIR; };
		CA69EF642AD99CB400DCA4AE /* ToDoListUITests.swift */ = {isa = PBXFileReference; lastKnownFileType = sourcecode.swift; path = ToDoListUITests.swift; sourceTree = "<group>"; };
		CA69EF662AD99CB400DCA4AE /* ToDoListUITestsLaunchTests.swift */ = {isa = PBXFileReference; lastKnownFileType = sourcecode.swift; path = ToDoListUITestsLaunchTests.swift; sourceTree = "<group>"; };
		CA69EF7A2ADD7C1500DCA4AE /* a_BosaNova.ttf */ = {isa = PBXFileReference; lastKnownFileType = file; path = a_BosaNova.ttf; sourceTree = "<group>"; };
		CAE672A42AE00C9800419DDA /* ToDoTableViewCell.swift */ = {isa = PBXFileReference; lastKnownFileType = sourcecode.swift; path = ToDoTableViewCell.swift; sourceTree = "<group>"; };
/* End PBXFileReference section */

/* Begin PBXFrameworksBuildPhase section */
		CA69EF3D2AD99CB200DCA4AE /* Frameworks */ = {
			isa = PBXFrameworksBuildPhase;
			buildActionMask = 2147483647;
			files = (
			);
			runOnlyForDeploymentPostprocessing = 0;
		};
		CA69EF532AD99CB400DCA4AE /* Frameworks */ = {
			isa = PBXFrameworksBuildPhase;
			buildActionMask = 2147483647;
			files = (
			);
			runOnlyForDeploymentPostprocessing = 0;
		};
		CA69EF5D2AD99CB400DCA4AE /* Frameworks */ = {
			isa = PBXFrameworksBuildPhase;
			buildActionMask = 2147483647;
			files = (
			);
			runOnlyForDeploymentPostprocessing = 0;
		};
/* End PBXFrameworksBuildPhase section */

/* Begin PBXGroup section */
		CA05F7902AE17B7B000EE117 /* ToDoModule */ = {
			isa = PBXGroup;
			children = (
				CA69EF472AD99CB200DCA4AE /* ToDoViewController.swift */,
				CAE672A32AE00C7E00419DDA /* Cell */,
			);
			name = ToDoModule;
			sourceTree = "<group>";
		};
		CA05F7912AE17B90000EE117 /* EntryModule */ = {
			isa = PBXGroup;
			children = (
				CA05F7922AE17BC4000EE117 /* CreateTaskViewController.swift */,
			);
			path = EntryModule;
			sourceTree = "<group>";
		};
		CA69EF372AD99CB200DCA4AE = {
			isa = PBXGroup;
			children = (
				CA69EF422AD99CB200DCA4AE /* ToDoList */,
				CA69EF592AD99CB400DCA4AE /* ToDoListTests */,
				CA69EF632AD99CB400DCA4AE /* ToDoListUITests */,
				CA69EF412AD99CB200DCA4AE /* Products */,
			);
			sourceTree = "<group>";
		};
		CA69EF412AD99CB200DCA4AE /* Products */ = {
			isa = PBXGroup;
			children = (
				CA69EF402AD99CB200DCA4AE /* ToDoList.app */,
				CA69EF562AD99CB400DCA4AE /* ToDoListTests.xctest */,
				CA69EF602AD99CB400DCA4AE /* ToDoListUITests.xctest */,
			);
			name = Products;
			sourceTree = "<group>";
		};
		CA69EF422AD99CB200DCA4AE /* ToDoList */ = {
			isa = PBXGroup;
			children = (
				CA69EF432AD99CB200DCA4AE /* AppDelegate.swift */,
				CA69EF452AD99CB200DCA4AE /* SceneDelegate.swift */,
				CA69EF732ADD78CA00DCA4AE /* Modules */,
				CA69EF4C2AD99CB400DCA4AE /* Assets.xcassets */,
				CA69EF4E2AD99CB400DCA4AE /* LaunchScreen.storyboard */,
				CA69EF512AD99CB400DCA4AE /* Info.plist */,
				CA69EF792ADD7BF600DCA4AE /* Fonts */,
			);
			path = ToDoList;
			sourceTree = "<group>";
		};
		CA69EF592AD99CB400DCA4AE /* ToDoListTests */ = {
			isa = PBXGroup;
			children = (
				CA69EF5A2AD99CB400DCA4AE /* ToDoListTests.swift */,
			);
			path = ToDoListTests;
			sourceTree = "<group>";
		};
		CA69EF632AD99CB400DCA4AE /* ToDoListUITests */ = {
			isa = PBXGroup;
			children = (
				CA69EF642AD99CB400DCA4AE /* ToDoListUITests.swift */,
				CA69EF662AD99CB400DCA4AE /* ToDoListUITestsLaunchTests.swift */,
			);
			path = ToDoListUITests;
			sourceTree = "<group>";
		};
		CA69EF732ADD78CA00DCA4AE /* Modules */ = {
			isa = PBXGroup;
			children = (
				CA05F7902AE17B7B000EE117 /* ToDoModule */,
				CA05F7912AE17B90000EE117 /* EntryModule */,
			);
			path = Modules;
			sourceTree = "<group>";
		};
		CA69EF792ADD7BF600DCA4AE /* Fonts */ = {
			isa = PBXGroup;
			children = (
				CA69EF7A2ADD7C1500DCA4AE /* a_BosaNova.ttf */,
			);
			path = Fonts;
			sourceTree = "<group>";
		};
		CAE672A32AE00C7E00419DDA /* Cell */ = {
			isa = PBXGroup;
			children = (
				CAE672A42AE00C9800419DDA /* ToDoTableViewCell.swift */,
			);
			path = Cell;
			sourceTree = "<group>";
		};
/* End PBXGroup section */

/* Begin PBXNativeTarget section */
		CA69EF3F2AD99CB200DCA4AE /* ToDoList */ = {
			isa = PBXNativeTarget;
			buildConfigurationList = CA69EF6A2AD99CB400DCA4AE /* Build configuration list for PBXNativeTarget "ToDoList" */;
			buildPhases = (
				CA69EF3C2AD99CB200DCA4AE /* Sources */,
				CA69EF3D2AD99CB200DCA4AE /* Frameworks */,
				CA69EF3E2AD99CB200DCA4AE /* Resources */,
			);
			buildRules = (
			);
			dependencies = (
			);
			name = ToDoList;
			productName = ToDoList;
			productReference = CA69EF402AD99CB200DCA4AE /* ToDoList.app */;
			productType = "com.apple.product-type.application";
		};
		CA69EF552AD99CB400DCA4AE /* ToDoListTests */ = {
			isa = PBXNativeTarget;
			buildConfigurationList = CA69EF6D2AD99CB400DCA4AE /* Build configuration list for PBXNativeTarget "ToDoListTests" */;
			buildPhases = (
				CA69EF522AD99CB400DCA4AE /* Sources */,
				CA69EF532AD99CB400DCA4AE /* Frameworks */,
				CA69EF542AD99CB400DCA4AE /* Resources */,
			);
			buildRules = (
			);
			dependencies = (
				CA69EF582AD99CB400DCA4AE /* PBXTargetDependency */,
			);
			name = ToDoListTests;
			productName = ToDoListTests;
			productReference = CA69EF562AD99CB400DCA4AE /* ToDoListTests.xctest */;
			productType = "com.apple.product-type.bundle.unit-test";
		};
		CA69EF5F2AD99CB400DCA4AE /* ToDoListUITests */ = {
			isa = PBXNativeTarget;
			buildConfigurationList = CA69EF702AD99CB400DCA4AE /* Build configuration list for PBXNativeTarget "ToDoListUITests" */;
			buildPhases = (
				CA69EF5C2AD99CB400DCA4AE /* Sources */,
				CA69EF5D2AD99CB400DCA4AE /* Frameworks */,
				CA69EF5E2AD99CB400DCA4AE /* Resources */,
			);
			buildRules = (
			);
			dependencies = (
				CA69EF622AD99CB400DCA4AE /* PBXTargetDependency */,
			);
			name = ToDoListUITests;
			productName = ToDoListUITests;
			productReference = CA69EF602AD99CB400DCA4AE /* ToDoListUITests.xctest */;
			productType = "com.apple.product-type.bundle.ui-testing";
		};
/* End PBXNativeTarget section */

/* Begin PBXProject section */
		CA69EF382AD99CB200DCA4AE /* Project object */ = {
			isa = PBXProject;
			attributes = {
				BuildIndependentTargetsInParallel = 1;
				LastSwiftUpdateCheck = 1430;
				LastUpgradeCheck = 1430;
				TargetAttributes = {
					CA69EF3F2AD99CB200DCA4AE = {
						CreatedOnToolsVersion = 14.3;
					};
					CA69EF552AD99CB400DCA4AE = {
						CreatedOnToolsVersion = 14.3;
						TestTargetID = CA69EF3F2AD99CB200DCA4AE;
					};
					CA69EF5F2AD99CB400DCA4AE = {
						CreatedOnToolsVersion = 14.3;
						TestTargetID = CA69EF3F2AD99CB200DCA4AE;
					};
				};
			};
			buildConfigurationList = CA69EF3B2AD99CB200DCA4AE /* Build configuration list for PBXProject "ToDoList" */;
			compatibilityVersion = "Xcode 14.0";
			developmentRegion = en;
			hasScannedForEncodings = 0;
			knownRegions = (
				en,
				Base,
			);
			mainGroup = CA69EF372AD99CB200DCA4AE;
			productRefGroup = CA69EF412AD99CB200DCA4AE /* Products */;
			projectDirPath = "";
			projectRoot = "";
			targets = (
				CA69EF3F2AD99CB200DCA4AE /* ToDoList */,
				CA69EF552AD99CB400DCA4AE /* ToDoListTests */,
				CA69EF5F2AD99CB400DCA4AE /* ToDoListUITests */,
			);
		};
/* End PBXProject section */

/* Begin PBXResourcesBuildPhase section */
		CA69EF3E2AD99CB200DCA4AE /* Resources */ = {
			isa = PBXResourcesBuildPhase;
			buildActionMask = 2147483647;
			files = (
				CA69EF502AD99CB400DCA4AE /* LaunchScreen.storyboard in Resources */,
				CA69EF7B2ADD7C1500DCA4AE /* a_BosaNova.ttf in Resources */,
				CA69EF4D2AD99CB400DCA4AE /* Assets.xcassets in Resources */,
			);
			runOnlyForDeploymentPostprocessing = 0;
		};
		CA69EF542AD99CB400DCA4AE /* Resources */ = {
			isa = PBXResourcesBuildPhase;
			buildActionMask = 2147483647;
			files = (
			);
			runOnlyForDeploymentPostprocessing = 0;
		};
		CA69EF5E2AD99CB400DCA4AE /* Resources */ = {
			isa = PBXResourcesBuildPhase;
			buildActionMask = 2147483647;
			files = (
			);
			runOnlyForDeploymentPostprocessing = 0;
		};
/* End PBXResourcesBuildPhase section */

/* Begin PBXSourcesBuildPhase section */
		CA69EF3C2AD99CB200DCA4AE /* Sources */ = {
			isa = PBXSourcesBuildPhase;
			buildActionMask = 2147483647;
			files = (
				CA69EF482AD99CB200DCA4AE /* ToDoViewController.swift in Sources */,
				CA05F7932AE17BC4000EE117 /* CreateTaskViewController.swift in Sources */,
				CAE672A52AE00C9800419DDA /* ToDoTableViewCell.swift in Sources */,
				CA69EF442AD99CB200DCA4AE /* AppDelegate.swift in Sources */,
				CA69EF462AD99CB200DCA4AE /* SceneDelegate.swift in Sources */,
			);
			runOnlyForDeploymentPostprocessing = 0;
		};
		CA69EF522AD99CB400DCA4AE /* Sources */ = {
			isa = PBXSourcesBuildPhase;
			buildActionMask = 2147483647;
			files = (
				CA69EF5B2AD99CB400DCA4AE /* ToDoListTests.swift in Sources */,
			);
			runOnlyForDeploymentPostprocessing = 0;
		};
		CA69EF5C2AD99CB400DCA4AE /* Sources */ = {
			isa = PBXSourcesBuildPhase;
			buildActionMask = 2147483647;
			files = (
				CA69EF672AD99CB400DCA4AE /* ToDoListUITestsLaunchTests.swift in Sources */,
				CA69EF652AD99CB400DCA4AE /* ToDoListUITests.swift in Sources */,
			);
			runOnlyForDeploymentPostprocessing = 0;
		};
/* End PBXSourcesBuildPhase section */

/* Begin PBXTargetDependency section */
		CA69EF582AD99CB400DCA4AE /* PBXTargetDependency */ = {
			isa = PBXTargetDependency;
			target = CA69EF3F2AD99CB200DCA4AE /* ToDoList */;
			targetProxy = CA69EF572AD99CB400DCA4AE /* PBXContainerItemProxy */;
		};
		CA69EF622AD99CB400DCA4AE /* PBXTargetDependency */ = {
			isa = PBXTargetDependency;
			target = CA69EF3F2AD99CB200DCA4AE /* ToDoList */;
			targetProxy = CA69EF612AD99CB400DCA4AE /* PBXContainerItemProxy */;
		};
/* End PBXTargetDependency section */

/* Begin PBXVariantGroup section */
		CA69EF4E2AD99CB400DCA4AE /* LaunchScreen.storyboard */ = {
			isa = PBXVariantGroup;
			children = (
				CA69EF4F2AD99CB400DCA4AE /* Base */,
			);
			name = LaunchScreen.storyboard;
			sourceTree = "<group>";
		};
/* End PBXVariantGroup section */

/* Begin XCBuildConfiguration section */
		CA69EF682AD99CB400DCA4AE /* Debug */ = {
			isa = XCBuildConfiguration;
			buildSettings = {
				ALWAYS_SEARCH_USER_PATHS = NO;
				CLANG_ANALYZER_NONNULL = YES;
				CLANG_ANALYZER_NUMBER_OBJECT_CONVERSION = YES_AGGRESSIVE;
				CLANG_CXX_LANGUAGE_STANDARD = "gnu++20";
				CLANG_ENABLE_MODULES = YES;
				CLANG_ENABLE_OBJC_ARC = YES;
				CLANG_ENABLE_OBJC_WEAK = YES;
				CLANG_WARN_BLOCK_CAPTURE_AUTORELEASING = YES;
				CLANG_WARN_BOOL_CONVERSION = YES;
				CLANG_WARN_COMMA = YES;
				CLANG_WARN_CONSTANT_CONVERSION = YES;
				CLANG_WARN_DEPRECATED_OBJC_IMPLEMENTATIONS = YES;
				CLANG_WARN_DIRECT_OBJC_ISA_USAGE = YES_ERROR;
				CLANG_WARN_DOCUMENTATION_COMMENTS = YES;
				CLANG_WARN_EMPTY_BODY = YES;
				CLANG_WARN_ENUM_CONVERSION = YES;
				CLANG_WARN_INFINITE_RECURSION = YES;
				CLANG_WARN_INT_CONVERSION = YES;
				CLANG_WARN_NON_LITERAL_NULL_CONVERSION = YES;
				CLANG_WARN_OBJC_IMPLICIT_RETAIN_SELF = YES;
				CLANG_WARN_OBJC_LITERAL_CONVERSION = YES;
				CLANG_WARN_OBJC_ROOT_CLASS = YES_ERROR;
				CLANG_WARN_QUOTED_INCLUDE_IN_FRAMEWORK_HEADER = YES;
				CLANG_WARN_RANGE_LOOP_ANALYSIS = YES;
				CLANG_WARN_STRICT_PROTOTYPES = YES;
				CLANG_WARN_SUSPICIOUS_MOVE = YES;
				CLANG_WARN_UNGUARDED_AVAILABILITY = YES_AGGRESSIVE;
				CLANG_WARN_UNREACHABLE_CODE = YES;
				CLANG_WARN__DUPLICATE_METHOD_MATCH = YES;
				COPY_PHASE_STRIP = NO;
				DEBUG_INFORMATION_FORMAT = dwarf;
				ENABLE_STRICT_OBJC_MSGSEND = YES;
				ENABLE_TESTABILITY = YES;
				GCC_C_LANGUAGE_STANDARD = gnu11;
				GCC_DYNAMIC_NO_PIC = NO;
				GCC_NO_COMMON_BLOCKS = YES;
				GCC_OPTIMIZATION_LEVEL = 0;
				GCC_PREPROCESSOR_DEFINITIONS = (
					"DEBUG=1",
					"$(inherited)",
				);
				GCC_WARN_64_TO_32_BIT_CONVERSION = YES;
				GCC_WARN_ABOUT_RETURN_TYPE = YES_ERROR;
				GCC_WARN_UNDECLARED_SELECTOR = YES;
				GCC_WARN_UNINITIALIZED_AUTOS = YES_AGGRESSIVE;
				GCC_WARN_UNUSED_FUNCTION = YES;
				GCC_WARN_UNUSED_VARIABLE = YES;
				IPHONEOS_DEPLOYMENT_TARGET = 16.4;
				MTL_ENABLE_DEBUG_INFO = INCLUDE_SOURCE;
				MTL_FAST_MATH = YES;
				ONLY_ACTIVE_ARCH = YES;
				SDKROOT = iphoneos;
				SWIFT_ACTIVE_COMPILATION_CONDITIONS = DEBUG;
				SWIFT_OPTIMIZATION_LEVEL = "-Onone";
			};
			name = Debug;
		};
		CA69EF692AD99CB400DCA4AE /* Release */ = {
			isa = XCBuildConfiguration;
			buildSettings = {
				ALWAYS_SEARCH_USER_PATHS = NO;
				CLANG_ANALYZER_NONNULL = YES;
				CLANG_ANALYZER_NUMBER_OBJECT_CONVERSION = YES_AGGRESSIVE;
				CLANG_CXX_LANGUAGE_STANDARD = "gnu++20";
				CLANG_ENABLE_MODULES = YES;
				CLANG_ENABLE_OBJC_ARC = YES;
				CLANG_ENABLE_OBJC_WEAK = YES;
				CLANG_WARN_BLOCK_CAPTURE_AUTORELEASING = YES;
				CLANG_WARN_BOOL_CONVERSION = YES;
				CLANG_WARN_COMMA = YES;
				CLANG_WARN_CONSTANT_CONVERSION = YES;
				CLANG_WARN_DEPRECATED_OBJC_IMPLEMENTATIONS = YES;
				CLANG_WARN_DIRECT_OBJC_ISA_USAGE = YES_ERROR;
				CLANG_WARN_DOCUMENTATION_COMMENTS = YES;
				CLANG_WARN_EMPTY_BODY = YES;
				CLANG_WARN_ENUM_CONVERSION = YES;
				CLANG_WARN_INFINITE_RECURSION = YES;
				CLANG_WARN_INT_CONVERSION = YES;
				CLANG_WARN_NON_LITERAL_NULL_CONVERSION = YES;
				CLANG_WARN_OBJC_IMPLICIT_RETAIN_SELF = YES;
				CLANG_WARN_OBJC_LITERAL_CONVERSION = YES;
				CLANG_WARN_OBJC_ROOT_CLASS = YES_ERROR;
				CLANG_WARN_QUOTED_INCLUDE_IN_FRAMEWORK_HEADER = YES;
				CLANG_WARN_RANGE_LOOP_ANALYSIS = YES;
				CLANG_WARN_STRICT_PROTOTYPES = YES;
				CLANG_WARN_SUSPICIOUS_MOVE = YES;
				CLANG_WARN_UNGUARDED_AVAILABILITY = YES_AGGRESSIVE;
				CLANG_WARN_UNREACHABLE_CODE = YES;
				CLANG_WARN__DUPLICATE_METHOD_MATCH = YES;
				COPY_PHASE_STRIP = NO;
				DEBUG_INFORMATION_FORMAT = "dwarf-with-dsym";
				ENABLE_NS_ASSERTIONS = NO;
				ENABLE_STRICT_OBJC_MSGSEND = YES;
				GCC_C_LANGUAGE_STANDARD = gnu11;
				GCC_NO_COMMON_BLOCKS = YES;
				GCC_WARN_64_TO_32_BIT_CONVERSION = YES;
				GCC_WARN_ABOUT_RETURN_TYPE = YES_ERROR;
				GCC_WARN_UNDECLARED_SELECTOR = YES;
				GCC_WARN_UNINITIALIZED_AUTOS = YES_AGGRESSIVE;
				GCC_WARN_UNUSED_FUNCTION = YES;
				GCC_WARN_UNUSED_VARIABLE = YES;
				IPHONEOS_DEPLOYMENT_TARGET = 16.4;
				MTL_ENABLE_DEBUG_INFO = NO;
				MTL_FAST_MATH = YES;
				SDKROOT = iphoneos;
				SWIFT_COMPILATION_MODE = wholemodule;
				SWIFT_OPTIMIZATION_LEVEL = "-O";
				VALIDATE_PRODUCT = YES;
			};
			name = Release;
		};
		CA69EF6B2AD99CB400DCA4AE /* Debug */ = {
			isa = XCBuildConfiguration;
			buildSettings = {
				ASSETCATALOG_COMPILER_APPICON_NAME = AppIcon;
				ASSETCATALOG_COMPILER_GLOBAL_ACCENT_COLOR_NAME = AccentColor;
				CODE_SIGN_STYLE = Automatic;
				CURRENT_PROJECT_VERSION = 1;
				DEVELOPMENT_TEAM = WB3Y8FF57H;
				GENERATE_INFOPLIST_FILE = YES;
				INFOPLIST_FILE = ToDoList/Info.plist;
				INFOPLIST_KEY_UIApplicationSupportsIndirectInputEvents = YES;
				INFOPLIST_KEY_UILaunchStoryboardName = LaunchScreen;
				INFOPLIST_KEY_UISupportedInterfaceOrientations_iPad = "UIInterfaceOrientationPortrait UIInterfaceOrientationPortraitUpsideDown UIInterfaceOrientationLandscapeLeft UIInterfaceOrientationLandscapeRight";
				INFOPLIST_KEY_UISupportedInterfaceOrientations_iPhone = "UIInterfaceOrientationPortrait UIInterfaceOrientationLandscapeLeft UIInterfaceOrientationLandscapeRight";
				LD_RUNPATH_SEARCH_PATHS = (
					"$(inherited)",
					"@executable_path/Frameworks",
				);
				MARKETING_VERSION = 1.0;
				PRODUCT_BUNDLE_IDENTIFIER = yuliasimanavets.ToDoList;
				PRODUCT_NAME = "$(TARGET_NAME)";
				SWIFT_EMIT_LOC_STRINGS = YES;
				SWIFT_VERSION = 5.0;
				TARGETED_DEVICE_FAMILY = "1,2";
			};
			name = Debug;
		};
		CA69EF6C2AD99CB400DCA4AE /* Release */ = {
			isa = XCBuildConfiguration;
			buildSettings = {
				ASSETCATALOG_COMPILER_APPICON_NAME = AppIcon;
				ASSETCATALOG_COMPILER_GLOBAL_ACCENT_COLOR_NAME = AccentColor;
				CODE_SIGN_STYLE = Automatic;
				CURRENT_PROJECT_VERSION = 1;
				DEVELOPMENT_TEAM = WB3Y8FF57H;
				GENERATE_INFOPLIST_FILE = YES;
				INFOPLIST_FILE = ToDoList/Info.plist;
				INFOPLIST_KEY_UIApplicationSupportsIndirectInputEvents = YES;
				INFOPLIST_KEY_UILaunchStoryboardName = LaunchScreen;
				INFOPLIST_KEY_UISupportedInterfaceOrientations_iPad = "UIInterfaceOrientationPortrait UIInterfaceOrientationPortraitUpsideDown UIInterfaceOrientationLandscapeLeft UIInterfaceOrientationLandscapeRight";
				INFOPLIST_KEY_UISupportedInterfaceOrientations_iPhone = "UIInterfaceOrientationPortrait UIInterfaceOrientationLandscapeLeft UIInterfaceOrientationLandscapeRight";
				LD_RUNPATH_SEARCH_PATHS = (
					"$(inherited)",
					"@executable_path/Frameworks",
				);
				MARKETING_VERSION = 1.0;
				PRODUCT_BUNDLE_IDENTIFIER = yuliasimanavets.ToDoList;
				PRODUCT_NAME = "$(TARGET_NAME)";
				SWIFT_EMIT_LOC_STRINGS = YES;
				SWIFT_VERSION = 5.0;
				TARGETED_DEVICE_FAMILY = "1,2";
			};
			name = Release;
		};
		CA69EF6E2AD99CB400DCA4AE /* Debug */ = {
			isa = XCBuildConfiguration;
			buildSettings = {
				ALWAYS_EMBED_SWIFT_STANDARD_LIBRARIES = YES;
				BUNDLE_LOADER = "$(TEST_HOST)";
				CODE_SIGN_STYLE = Automatic;
				CURRENT_PROJECT_VERSION = 1;
				DEVELOPMENT_TEAM = WB3Y8FF57H;
				GENERATE_INFOPLIST_FILE = YES;
				IPHONEOS_DEPLOYMENT_TARGET = 16.4;
				MARKETING_VERSION = 1.0;
				PRODUCT_BUNDLE_IDENTIFIER = yuliasimanavets.ToDoListTests;
				PRODUCT_NAME = "$(TARGET_NAME)";
				SWIFT_EMIT_LOC_STRINGS = NO;
				SWIFT_VERSION = 5.0;
				TARGETED_DEVICE_FAMILY = "1,2";
				TEST_HOST = "$(BUILT_PRODUCTS_DIR)/ToDoList.app/$(BUNDLE_EXECUTABLE_FOLDER_PATH)/ToDoList";
			};
			name = Debug;
		};
		CA69EF6F2AD99CB400DCA4AE /* Release */ = {
			isa = XCBuildConfiguration;
			buildSettings = {
				ALWAYS_EMBED_SWIFT_STANDARD_LIBRARIES = YES;
				BUNDLE_LOADER = "$(TEST_HOST)";
				CODE_SIGN_STYLE = Automatic;
				CURRENT_PROJECT_VERSION = 1;
				DEVELOPMENT_TEAM = WB3Y8FF57H;
				GENERATE_INFOPLIST_FILE = YES;
				IPHONEOS_DEPLOYMENT_TARGET = 16.4;
				MARKETING_VERSION = 1.0;
				PRODUCT_BUNDLE_IDENTIFIER = yuliasimanavets.ToDoListTests;
				PRODUCT_NAME = "$(TARGET_NAME)";
				SWIFT_EMIT_LOC_STRINGS = NO;
				SWIFT_VERSION = 5.0;
				TARGETED_DEVICE_FAMILY = "1,2";
				TEST_HOST = "$(BUILT_PRODUCTS_DIR)/ToDoList.app/$(BUNDLE_EXECUTABLE_FOLDER_PATH)/ToDoList";
			};
			name = Release;
		};
		CA69EF712AD99CB400DCA4AE /* Debug */ = {
			isa = XCBuildConfiguration;
			buildSettings = {
				ALWAYS_EMBED_SWIFT_STANDARD_LIBRARIES = YES;
				CODE_SIGN_STYLE = Automatic;
				CURRENT_PROJECT_VERSION = 1;
				DEVELOPMENT_TEAM = WB3Y8FF57H;
				GENERATE_INFOPLIST_FILE = YES;
				MARKETING_VERSION = 1.0;
				PRODUCT_BUNDLE_IDENTIFIER = yuliasimanavets.ToDoListUITests;
				PRODUCT_NAME = "$(TARGET_NAME)";
				SWIFT_EMIT_LOC_STRINGS = NO;
				SWIFT_VERSION = 5.0;
				TARGETED_DEVICE_FAMILY = "1,2";
				TEST_TARGET_NAME = ToDoList;
			};
			name = Debug;
		};
		CA69EF722AD99CB400DCA4AE /* Release */ = {
			isa = XCBuildConfiguration;
			buildSettings = {
				ALWAYS_EMBED_SWIFT_STANDARD_LIBRARIES = YES;
				CODE_SIGN_STYLE = Automatic;
				CURRENT_PROJECT_VERSION = 1;
				DEVELOPMENT_TEAM = WB3Y8FF57H;
				GENERATE_INFOPLIST_FILE = YES;
				MARKETING_VERSION = 1.0;
				PRODUCT_BUNDLE_IDENTIFIER = yuliasimanavets.ToDoListUITests;
				PRODUCT_NAME = "$(TARGET_NAME)";
				SWIFT_EMIT_LOC_STRINGS = NO;
				SWIFT_VERSION = 5.0;
				TARGETED_DEVICE_FAMILY = "1,2";
				TEST_TARGET_NAME = ToDoList;
			};
			name = Release;
		};
/* End XCBuildConfiguration section */

/* Begin XCConfigurationList section */
		CA69EF3B2AD99CB200DCA4AE /* Build configuration list for PBXProject "ToDoList" */ = {
			isa = XCConfigurationList;
			buildConfigurations = (
				CA69EF682AD99CB400DCA4AE /* Debug */,
				CA69EF692AD99CB400DCA4AE /* Release */,
			);
			defaultConfigurationIsVisible = 0;
			defaultConfigurationName = Release;
		};
		CA69EF6A2AD99CB400DCA4AE /* Build configuration list for PBXNativeTarget "ToDoList" */ = {
			isa = XCConfigurationList;
			buildConfigurations = (
				CA69EF6B2AD99CB400DCA4AE /* Debug */,
				CA69EF6C2AD99CB400DCA4AE /* Release */,
			);
			defaultConfigurationIsVisible = 0;
			defaultConfigurationName = Release;
		};
		CA69EF6D2AD99CB400DCA4AE /* Build configuration list for PBXNativeTarget "ToDoListTests" */ = {
			isa = XCConfigurationList;
			buildConfigurations = (
				CA69EF6E2AD99CB400DCA4AE /* Debug */,
				CA69EF6F2AD99CB400DCA4AE /* Release */,
			);
			defaultConfigurationIsVisible = 0;
			defaultConfigurationName = Release;
		};
		CA69EF702AD99CB400DCA4AE /* Build configuration list for PBXNativeTarget "ToDoListUITests" */ = {
			isa = XCConfigurationList;
			buildConfigurations = (
				CA69EF712AD99CB400DCA4AE /* Debug */,
				CA69EF722AD99CB400DCA4AE /* Release */,
			);
			defaultConfigurationIsVisible = 0;
			defaultConfigurationName = Release;
		};
/* End XCConfigurationList section */
	};
	rootObject = CA69EF382AD99CB200DCA4AE /* Project object */;
}
